
Microsoft Visual Studio Solution File, Format Version 12.00
# Visual Studio 2012
Project("{FAE04EC0-301F-11D3-BF4B-00C04F79EFBC}") = "Coursework1", "Coursework1\Coursework1.csproj", "{BC58CC74-8E89-4FB6-8AA7-332AAB70BBEB}"
EndProject
Global
	GlobalSection(SolutionConfigurationPlatforms) = preSolution
		Debug|Any CPU = Debug|Any CPU
		Release|Any CPU = Release|Any CPU
	EndGlobalSection
	GlobalSection(ProjectConfigurationPlatforms) = postSolution
		{BC58CC74-8E89-4FB6-8AA7-332AAB70BBEB}.Debug|Any CPU.ActiveCfg = Debug|Any CPU
		{BC58CC74-8E89-4FB6-8AA7-332AAB70BBEB}.Debug|Any CPU.Build.0 = Debug|Any CPU
		{BC58CC74-8E89-4FB6-8AA7-332AAB70BBEB}.Release|Any CPU.ActiveCfg = Release|Any CPU
		{BC58CC74-8E89-4FB6-8AA7-332AAB70BBEB}.Release|Any CPU.Build.0 = Release|Any CPU
	EndGlobalSection
	GlobalSection(SolutionProperties) = preSolution
		HideSolutionNode = FALSE
	EndGlobalSection
EndGlobal
